{
    "_readme": [
        "This file locks the dependencies of your project to a known state",
        "Read more about it at https://getcomposer.org/doc/01-basic-usage.md#installing-dependencies",
        "This file is @generated automatically"
    ],
    "content-hash": "76a1a24ae45208b3f640921d7222d290",
    "packages": [
        {
            "name": "viewi/viewi",
            "version": "dev-master",
            "source": {
                "type": "git",
                "url": "https://github.com/viewi/viewi.git",
                "reference": "f78428f9fcda5b5a18893d1e2aaa156f03539773"
            },
            "dist": {
                "type": "zip",
                "url": "https://api.github.com/repos/viewi/viewi/zipball/f78428f9fcda5b5a18893d1e2aaa156f03539773",
                "reference": "f78428f9fcda5b5a18893d1e2aaa156f03539773",
                "shasum": ""
            },
            "require": {
                "php": "^7.4 || ^8.0"
            },
            "default-branch": true,
            "bin": [
                "bin/viewi"
            ],
            "type": "library",
            "autoload": {
                "psr-4": {
                    "Viewi\\": "src/Viewi/"
                }
            },
            "notification-url": "https://packagist.org/downloads/",
            "license": [
                "MIT"
            ],
            "description": "Powerful tool for building progressive and completely reactive web applications",
            "keywords": [
                "reactive",
                "template",
                "ui",
                "viewi"
            ],
            "support": {
                "issues": "https://github.com/viewi/viewi/issues",
                "source": "https://github.com/viewi/viewi/tree/master"
            },
            "time": "2022-05-14T08:38:33+00:00"
        }
    ],
    "packages-dev": [],
    "aliases": [],
    "minimum-stability": "stable",
    "stability-flags": {
        "viewi/viewi": 20
    },
    "prefer-stable": false,
    "prefer-lowest": false,
    "platform": [],
    "platform-dev": [],
    "plugin-api-version": "2.2.0"
}
